
Microsoft Visual Studio Solution File, Format Version 12.00
# Visual Studio 15
Project("{FAE04EC0-301F-11D3-BF4B-00C04F79EFBC}") = "BoogieApp.Android", "BoogieApp.Android\BoogieApp.Android.csproj", "{74C88B23-397F-4070-86C5-3927E9843ACB}"
EndProject
Project("{FAE04EC0-301F-11D3-BF4B-00C04F79EFBC}") = "BoogieApp.iOS", "BoogieApp.iOS\BoogieApp.iOS.csproj", "{D3BEBAFB-B190-4A9F-9489-3979D8B8C574}"
EndProject
Project("{FAE04EC0-301F-11D3-BF4B-00C04F79EFBC}") = "BoogieApp", "BoogieApp\BoogieApp.csproj", "{671B6389-928B-485D-BCAC-3C5489B46289}"
EndProject
Global
	GlobalSection(SolutionConfigurationPlatforms) = preSolution
		Debug|Any CPU = Debug|Any CPU
		Release|Any CPU = Release|Any CPU
		Debug|iPhoneSimulator = Debug|iPhoneSimulator
		Release|iPhoneSimulator = Release|iPhoneSimulator
		Debug|iPhone = Debug|iPhone
		Release|iPhone = Release|iPhone
	EndGlobalSection
	GlobalSection(ProjectConfigurationPlatforms) = postSolution
		{74C88B23-397F-4070-86C5-3927E9843ACB}.Debug|Any CPU.ActiveCfg = Debug|Any CPU
		{74C88B23-397F-4070-86C5-3927E9843ACB}.Debug|Any CPU.Build.0 = Debug|Any CPU
		{74C88B23-397F-4070-86C5-3927E9843ACB}.Release|Any CPU.ActiveCfg = Release|Any CPU
		{74C88B23-397F-4070-86C5-3927E9843ACB}.Release|Any CPU.Build.0 = Release|Any CPU
		{74C88B23-397F-4070-86C5-3927E9843ACB}.Debug|iPhoneSimulator.ActiveCfg = Debug|Any CPU
		{74C88B23-397F-4070-86C5-3927E9843ACB}.Debug|iPhoneSimulator.Build.0 = Debug|Any CPU
		{74C88B23-397F-4070-86C5-3927E9843ACB}.Release|iPhoneSimulator.ActiveCfg = Release|Any CPU
		{74C88B23-397F-4070-86C5-3927E9843ACB}.Release|iPhoneSimulator.Build.0 = Release|Any CPU
		{74C88B23-397F-4070-86C5-3927E9843ACB}.Debug|iPhone.ActiveCfg = Debug|Any CPU
		{74C88B23-397F-4070-86C5-3927E9843ACB}.Debug|iPhone.Build.0 = Debug|Any CPU
		{74C88B23-397F-4070-86C5-3927E9843ACB}.Release|iPhone.ActiveCfg = Release|Any CPU
		{74C88B23-397F-4070-86C5-3927E9843ACB}.Release|iPhone.Build.0 = Release|Any CPU
		{D3BEBAFB-B190-4A9F-9489-3979D8B8C574}.Debug|Any CPU.ActiveCfg = Debug|iPhoneSimulator
		{D3BEBAFB-B190-4A9F-9489-3979D8B8C574}.Debug|Any CPU.Build.0 = Debug|iPhoneSimulator
		{D3BEBAFB-B190-4A9F-9489-3979D8B8C574}.Release|Any CPU.ActiveCfg = Release|iPhoneSimulator
		{D3BEBAFB-B190-4A9F-9489-3979D8B8C574}.Release|Any CPU.Build.0 = Release|iPhoneSimulator
		{D3BEBAFB-B190-4A9F-9489-3979D8B8C574}.Debug|iPhoneSimulator.ActiveCfg = Debug|iPhoneSimulator
		{D3BEBAFB-B190-4A9F-9489-3979D8B8C574}.Debug|iPhoneSimulator.Build.0 = Debug|iPhoneSimulator
		{D3BEBAFB-B190-4A9F-9489-3979D8B8C574}.Release|iPhoneSimulator.ActiveCfg = Release|iPhoneSimulator
		{D3BEBAFB-B190-4A9F-9489-3979D8B8C574}.Release|iPhoneSimulator.Build.0 = Release|iPhoneSimulator
		{D3BEBAFB-B190-4A9F-9489-3979D8B8C574}.Debug|iPhone.ActiveCfg = Debug|iPhone
		{D3BEBAFB-B190-4A9F-9489-3979D8B8C574}.Debug|iPhone.Build.0 = Debug|iPhone
		{D3BEBAFB-B190-4A9F-9489-3979D8B8C574}.Release|iPhone.ActiveCfg = Release|iPhone
		{D3BEBAFB-B190-4A9F-9489-3979D8B8C574}.Release|iPhone.Build.0 = Release|iPhone
		{671B6389-928B-485D-BCAC-3C5489B46289}.Debug|Any CPU.ActiveCfg = Debug|Any CPU
		{671B6389-928B-485D-BCAC-3C5489B46289}.Debug|Any CPU.Build.0 = Debug|Any CPU
		{671B6389-928B-485D-BCAC-3C5489B46289}.Release|Any CPU.ActiveCfg = Release|Any CPU
		{671B6389-928B-485D-BCAC-3C5489B46289}.Release|Any CPU.Build.0 = Release|Any CPU
		{671B6389-928B-485D-BCAC-3C5489B46289}.Debug|iPhoneSimulator.ActiveCfg = Debug|Any CPU
		{671B6389-928B-485D-BCAC-3C5489B46289}.Debug|iPhoneSimulator.Build.0 = Debug|Any CPU
		{671B6389-928B-485D-BCAC-3C5489B46289}.Release|iPhoneSimulator.ActiveCfg = Release|Any CPU
		{671B6389-928B-485D-BCAC-3C5489B46289}.Release|iPhoneSimulator.Build.0 = Release|Any CPU
		{671B6389-928B-485D-BCAC-3C5489B46289}.Debug|iPhone.ActiveCfg = Debug|Any CPU
		{671B6389-928B-485D-BCAC-3C5489B46289}.Debug|iPhone.Build.0 = Debug|Any CPU
		{671B6389-928B-485D-BCAC-3C5489B46289}.Release|iPhone.ActiveCfg = Release|Any CPU
		{671B6389-928B-485D-BCAC-3C5489B46289}.Release|iPhone.Build.0 = Release|Any CPU
	EndGlobalSection
EndGlobal
